
Microsoft Visual Studio Solution File, Format Version 12.00
# Visual Studio Version 17
VisualStudioVersion = 17.1.32319.34
MinimumVisualStudioVersion = 10.0.40219.1
Project("{FAE04EC0-301F-11D3-BF4B-00C04F79EFBC}") = "YDEFY", "YDEFY\YDEFY.csproj", "{63784E77-6CC8-4627-9590-03C298511F6E}"
EndProject
Global
	GlobalSection(SolutionConfigurationPlatforms) = preSolution
		Debug|Any CPU = Debug|Any CPU
		Release|Any CPU = Release|Any CPU
	EndGlobalSection
	GlobalSection(ProjectConfigurationPlatforms) = postSolution
		{63784E77-6CC8-4627-9590-03C298511F6E}.Debug|Any CPU.ActiveCfg = Debug|Any CPU
		{63784E77-6CC8-4627-9590-03C298511F6E}.Debug|Any CPU.Build.0 = Debug|Any CPU
		{63784E77-6CC8-4627-9590-03C298511F6E}.Release|Any CPU.ActiveCfg = Release|Any CPU
		{63784E77-6CC8-4627-9590-03C298511F6E}.Release|Any CPU.Build.0 = Release|Any CPU
	EndGlobalSection
	GlobalSection(SolutionProperties) = preSolution
		HideSolutionNode = FALSE
	EndGlobalSection
	GlobalSection(ExtensibilityGlobals) = postSolution
		SolutionGuid = {87ECCE1E-79C3-4DF7-B88E-E6F4E57E4624}
	EndGlobalSection
EndGlobal
